
Microsoft Visual Studio Solution File, Format Version 12.00
Project("{FAE04EC0-301F-11D3-BF4B-00C04F79EFBC}") = "NesEmulator", "NesEmulator\NesEmulator.csproj", "{58AA7C5F-2EA2-495B-9083-AC12CDADA381}"
EndProject
Project("{FAE04EC0-301F-11D3-BF4B-00C04F79EFBC}") = "NesEmulator.test", "NesEmulator.test\NesEmulator.test.csproj", "{BBBD44AF-B132-4929-AC30-0E06644F7478}"
EndProject
Global
	GlobalSection(SolutionConfigurationPlatforms) = preSolution
		Debug|Any CPU = Debug|Any CPU
		Release|Any CPU = Release|Any CPU
	EndGlobalSection
	GlobalSection(ProjectConfigurationPlatforms) = postSolution
		{58AA7C5F-2EA2-495B-9083-AC12CDADA381}.Debug|Any CPU.ActiveCfg = Debug|Any CPU
		{58AA7C5F-2EA2-495B-9083-AC12CDADA381}.Debug|Any CPU.Build.0 = Debug|Any CPU
		{58AA7C5F-2EA2-495B-9083-AC12CDADA381}.Release|Any CPU.ActiveCfg = Release|Any CPU
		{58AA7C5F-2EA2-495B-9083-AC12CDADA381}.Release|Any CPU.Build.0 = Release|Any CPU
		{BBBD44AF-B132-4929-AC30-0E06644F7478}.Debug|Any CPU.ActiveCfg = Debug|Any CPU
		{BBBD44AF-B132-4929-AC30-0E06644F7478}.Debug|Any CPU.Build.0 = Debug|Any CPU
		{BBBD44AF-B132-4929-AC30-0E06644F7478}.Release|Any CPU.ActiveCfg = Release|Any CPU
		{BBBD44AF-B132-4929-AC30-0E06644F7478}.Release|Any CPU.Build.0 = Release|Any CPU
	EndGlobalSection
EndGlobal
